
Microsoft Visual Studio Solution File, Format Version 12.00
# Visual Studio 15
VisualStudioVersion = 15.0.27428.2015
MinimumVisualStudioVersion = 10.0.40219.1
Project("{FAE04EC0-301F-11D3-BF4B-00C04F79EFBC}") = "CSharpToTypescriptInterface", "CSharpToTypescriptInterface\CSharpToTypescriptInterface.csproj", "{E32F254E-6813-48DB-8467-CC9BFA97B8AA}"
EndProject
Project("{FAE04EC0-301F-11D3-BF4B-00C04F79EFBC}") = "Sample", "Sample\Sample.csproj", "{279C84C7-8B1B-4B43-B7BB-62D7AE27B0DA}"
EndProject
Project("{FAE04EC0-301F-11D3-BF4B-00C04F79EFBC}") = "TestDll", "TestDll\TestDll.csproj", "{479F1B21-98E3-45DB-9F10-9445E9CB1CED}"
EndProject
Global
	GlobalSection(SolutionConfigurationPlatforms) = preSolution
		Debug|Any CPU = Debug|Any CPU
		Release|Any CPU = Release|Any CPU
	EndGlobalSection
	GlobalSection(ProjectConfigurationPlatforms) = postSolution
		{E32F254E-6813-48DB-8467-CC9BFA97B8AA}.Debug|Any CPU.ActiveCfg = Debug|Any CPU
		{E32F254E-6813-48DB-8467-CC9BFA97B8AA}.Debug|Any CPU.Build.0 = Debug|Any CPU
		{E32F254E-6813-48DB-8467-CC9BFA97B8AA}.Release|Any CPU.ActiveCfg = Release|Any CPU
		{E32F254E-6813-48DB-8467-CC9BFA97B8AA}.Release|Any CPU.Build.0 = Release|Any CPU
		{279C84C7-8B1B-4B43-B7BB-62D7AE27B0DA}.Debug|Any CPU.ActiveCfg = Debug|Any CPU
		{279C84C7-8B1B-4B43-B7BB-62D7AE27B0DA}.Debug|Any CPU.Build.0 = Debug|Any CPU
		{279C84C7-8B1B-4B43-B7BB-62D7AE27B0DA}.Release|Any CPU.ActiveCfg = Release|Any CPU
		{279C84C7-8B1B-4B43-B7BB-62D7AE27B0DA}.Release|Any CPU.Build.0 = Release|Any CPU
		{479F1B21-98E3-45DB-9F10-9445E9CB1CED}.Debug|Any CPU.ActiveCfg = Debug|Any CPU
		{479F1B21-98E3-45DB-9F10-9445E9CB1CED}.Debug|Any CPU.Build.0 = Debug|Any CPU
		{479F1B21-98E3-45DB-9F10-9445E9CB1CED}.Release|Any CPU.ActiveCfg = Release|Any CPU
		{479F1B21-98E3-45DB-9F10-9445E9CB1CED}.Release|Any CPU.Build.0 = Release|Any CPU
	EndGlobalSection
	GlobalSection(SolutionProperties) = preSolution
		HideSolutionNode = FALSE
	EndGlobalSection
	GlobalSection(ExtensibilityGlobals) = postSolution
		SolutionGuid = {2400C5E5-97F2-49B6-9871-DE7013689AE7}
	EndGlobalSection
EndGlobal
